# This file is autogenerated, do not edit; changes may be undone by the next 'dep ensure'.


[[projects]]
  branch = "master"
  name = "github.com/siddontang/go-log"
  packages = ["log"]
  revision = "4ea5485603ac8edb895a4c3153c058b7136ded1d"

[solve-meta]
  analyzer-name = "dep"
  analyzer-version = 1
  inputs-digest = "ae3504a1386d747140a185f21fd299e212d7b2d7c3b8b9f6c70d8268e4fd5317"
  solver-name = "gps-cdcl"
  solver-version = 1
